
Microsoft Visual Studio Solution File, Format Version 12.00
# Visual Studio Version 16
VisualStudioVersion = 16.0.28917.182
MinimumVisualStudioVersion = 10.0.40219.1
Project("{FAE04EC0-301F-11D3-BF4B-00C04F79EFBC}") = "AnagramsTest", "Anagrams\AnagramsTest.csproj", "{388ED66F-FDE3-4483-9F45-CE18DA9961D2}"
EndProject
Project("{FAE04EC0-301F-11D3-BF4B-00C04F79EFBC}") = "AnagramsKatas", "AnagramsKatas\AnagramsKatas.csproj", "{A1B3BE9E-7299-40CE-8176-CC2704BC13A4}"
EndProject
Global
	GlobalSection(SolutionConfigurationPlatforms) = preSolution
		Debug|Any CPU = Debug|Any CPU
		Release|Any CPU = Release|Any CPU
	EndGlobalSection
	GlobalSection(ProjectConfigurationPlatforms) = postSolution
		{388ED66F-FDE3-4483-9F45-CE18DA9961D2}.Debug|Any CPU.ActiveCfg = Debug|Any CPU
		{388ED66F-FDE3-4483-9F45-CE18DA9961D2}.Debug|Any CPU.Build.0 = Debug|Any CPU
		{388ED66F-FDE3-4483-9F45-CE18DA9961D2}.Release|Any CPU.ActiveCfg = Release|Any CPU
		{388ED66F-FDE3-4483-9F45-CE18DA9961D2}.Release|Any CPU.Build.0 = Release|Any CPU
		{A1B3BE9E-7299-40CE-8176-CC2704BC13A4}.Debug|Any CPU.ActiveCfg = Debug|Any CPU
		{A1B3BE9E-7299-40CE-8176-CC2704BC13A4}.Debug|Any CPU.Build.0 = Debug|Any CPU
		{A1B3BE9E-7299-40CE-8176-CC2704BC13A4}.Release|Any CPU.ActiveCfg = Release|Any CPU
		{A1B3BE9E-7299-40CE-8176-CC2704BC13A4}.Release|Any CPU.Build.0 = Release|Any CPU
	EndGlobalSection
	GlobalSection(SolutionProperties) = preSolution
		HideSolutionNode = FALSE
	EndGlobalSection
	GlobalSection(ExtensibilityGlobals) = postSolution
		SolutionGuid = {36731D64-7E4B-4D9D-98D2-66B9E9E21CCC}
	EndGlobalSection
EndGlobal
